// !$*UTF8*$!
{
	archiveVersion = 1;
	classes = {
	};
	objectVersion = 50;
	objects = {

/* Begin PBXBuildFile section */
		DE56095127CFD1FC00BA75E8 /* AppDelegate.swift in Sources */ = {isa = PBXBuildFile; fileRef = DE56095027CFD1FC00BA75E8 /* AppDelegate.swift */; };
		DE56095327CFD1FC00BA75E8 /* SceneDelegate.swift in Sources */ = {isa = PBXBuildFile; fileRef = DE56095227CFD1FC00BA75E8 /* SceneDelegate.swift */; };
		DE56095527CFD1FC00BA75E8 /* ViewController.swift in Sources */ = {isa = PBXBuildFile; fileRef = DE56095427CFD1FC00BA75E8 /* ViewController.swift */; };
		DE56095827CFD1FC00BA75E8 /* Main.storyboard in Resources */ = {isa = PBXBuildFile; fileRef = DE56095627CFD1FC00BA75E8 /* Main.storyboard */; };
		DE56095A27CFD1FE00BA75E8 /* Assets.xcassets in Resources */ = {isa = PBXBuildFile; fileRef = DE56095927CFD1FE00BA75E8 /* Assets.xcassets */; };
		DE56095D27CFD1FE00BA75E8 /* LaunchScreen.storyboard in Resources */ = {isa = PBXBuildFile; fileRef = DE56095B27CFD1FE00BA75E8 /* LaunchScreen.storyboard */; };
		DE56096827CFD1FE00BA75E8 /* I_Am_RichTests.swift in Sources */ = {isa = PBXBuildFile; fileRef = DE56096727CFD1FE00BA75E8 /* I_Am_RichTests.swift */; };
		DE56097327CFD1FE00BA75E8 /* I_Am_RichUITests.swift in Sources */ = {isa = PBXBuildFile; fileRef = DE56097227CFD1FE00BA75E8 /* I_Am_RichUITests.swift */; };
/* End PBXBuildFile section */

/* Begin PBXContainerItemProxy section */
		DE56096427CFD1FE00BA75E8 /* PBXContainerItemProxy */ = {
			isa = PBXContainerItemProxy;
			containerPortal = DE56094527CFD1FC00BA75E8 /* Project object */;
			proxyType = 1;
			remoteGlobalIDString = DE56094C27CFD1FC00BA75E8;
			remoteInfo = "I Am Rich";
		};
		DE56096F27CFD1FE00BA75E8 /* PBXContainerItemProxy */ = {
			isa = PBXContainerItemProxy;
			containerPortal = DE56094527CFD1FC00BA75E8 /* Project object */;
			proxyType = 1;
			remoteGlobalIDString = DE56094C27CFD1FC00BA75E8;
			remoteInfo = "I Am Rich";
		};
/* End PBXContainerItemProxy section */

/* Begin PBXFileReference section */
		DE56094D27CFD1FC00BA75E8 /* I Am Rich.app */ = {isa = PBXFileReference; explicitFileType = wrapper.application; includeInIndex = 0; path = "I Am Rich.app"; sourceTree = BUILT_PRODUCTS_DIR; };
		DE56095027CFD1FC00BA75E8 /* AppDelegate.swift */ = {isa = PBXFileReference; lastKnownFileType = sourcecode.swift; path = AppDelegate.swift; sourceTree = "<group>"; };
		DE56095227CFD1FC00BA75E8 /* SceneDelegate.swift */ = {isa = PBXFileReference; lastKnownFileType = sourcecode.swift; path = SceneDelegate.swift; sourceTree = "<group>"; };
		DE56095427CFD1FC00BA75E8 /* ViewController.swift */ = {isa = PBXFileReference; lastKnownFileType = sourcecode.swift; path = ViewController.swift; sourceTree = "<group>"; };
		DE56095727CFD1FC00BA75E8 /* Base */ = {isa = PBXFileReference; lastKnownFileType = file.storyboard; name = Base; path = Base.lproj/Main.storyboard; sourceTree = "<group>"; };
		DE56095927CFD1FE00BA75E8 /* Assets.xcassets */ = {isa = PBXFileReference; lastKnownFileType = folder.assetcatalog; path = Assets.xcassets; sourceTree = "<group>"; };
		DE56095C27CFD1FE00BA75E8 /* Base */ = {isa = PBXFileReference; lastKnownFileType = file.storyboard; name = Base; path = Base.lproj/LaunchScreen.storyboard; sourceTree = "<group>"; };
		DE56095E27CFD1FE00BA75E8 /* Info.plist */ = {isa = PBXFileReference; lastKnownFileType = text.plist.xml; path = Info.plist; sourceTree = "<group>"; };
		DE56096327CFD1FE00BA75E8 /* I Am RichTests.xctest */ = {isa = PBXFileReference; explicitFileType = wrapper.cfbundle; includeInIndex = 0; path = "I Am RichTests.xctest"; sourceTree = BUILT_PRODUCTS_DIR; };
		DE56096727CFD1FE00BA75E8 /* I_Am_RichTests.swift */ = {isa = PBXFileReference; lastKnownFileType = sourcecode.swift; path = I_Am_RichTests.swift; sourceTree = "<group>"; };
		DE56096927CFD1FE00BA75E8 /* Info.plist */ = {isa = PBXFileReference; lastKnownFileType = text.plist.xml; path = Info.plist; sourceTree = "<group>"; };
		DE56096E27CFD1FE00BA75E8 /* I Am RichUITests.xctest */ = {isa = PBXFileReference; explicitFileType = wrapper.cfbundle; includeInIndex = 0; path = "I Am RichUITests.xctest"; sourceTree = BUILT_PRODUCTS_DIR; };
		DE56097227CFD1FE00BA75E8 /* I_Am_RichUITests.swift */ = {isa = PBXFileReference; lastKnownFileType = sourcecode.swift; path = I_Am_RichUITests.swift; sourceTree = "<group>"; };
		DE56097427CFD1FE00BA75E8 /* Info.plist */ = {isa = PBXFileReference; lastKnownFileType = text.plist.xml; path = Info.plist; sourceTree = "<group>"; };
/* End PBXFileReference section */

/* Begin PBXFrameworksBuildPhase section */
		DE56094A27CFD1FC00BA75E8 /* Frameworks */ = {
			isa = PBXFrameworksBuildPhase;
			buildActionMask = 2147483647;
			files = (
			);
			runOnlyForDeploymentPostprocessing = 0;
		};
		DE56096027CFD1FE00BA75E8 /* Frameworks */ = {
			isa = PBXFrameworksBuildPhase;
			buildActionMask = 2147483647;
			files = (
			);
			runOnlyForDeploymentPostprocessing = 0;
		};
		DE56096B27CFD1FE00BA75E8 /* Frameworks */ = {
			isa = PBXFrameworksBuildPhase;
			buildActionMask = 2147483647;
			files = (
			);
			runOnlyForDeploymentPostprocessing = 0;
		};
/* End PBXFrameworksBuildPhase section */

/* Begin PBXGroup section */
		DE56094427CFD1FC00BA75E8 = {
			isa = PBXGroup;
			children = (
				DE56094F27CFD1FC00BA75E8 /* I Am Rich */,
				DE56096627CFD1FE00BA75E8 /* I Am RichTests */,
				DE56097127CFD1FE00BA75E8 /* I Am RichUITests */,
				DE56094E27CFD1FC00BA75E8 /* Products */,
			);
			sourceTree = "<group>";
		};
		DE56094E27CFD1FC00BA75E8 /* Products */ = {
			isa = PBXGroup;
			children = (
				DE56094D27CFD1FC00BA75E8 /* I Am Rich.app */,
				DE56096327CFD1FE00BA75E8 /* I Am RichTests.xctest */,
				DE56096E27CFD1FE00BA75E8 /* I Am RichUITests.xctest */,
			);
			name = Products;
			sourceTree = "<group>";
		};
		DE56094F27CFD1FC00BA75E8 /* I Am Rich */ = {
			isa = PBXGroup;
			children = (
				DE56095027CFD1FC00BA75E8 /* AppDelegate.swift */,
				DE56095227CFD1FC00BA75E8 /* SceneDelegate.swift */,
				DE56095427CFD1FC00BA75E8 /* ViewController.swift */,
				DE56095627CFD1FC00BA75E8 /* Main.storyboard */,
				DE56095927CFD1FE00BA75E8 /* Assets.xcassets */,
				DE56095B27CFD1FE00BA75E8 /* LaunchScreen.storyboard */,
				DE56095E27CFD1FE00BA75E8 /* Info.plist */,
			);
			path = "I Am Rich";
			sourceTree = "<group>";
		};
		DE56096627CFD1FE00BA75E8 /* I Am RichTests */ = {
			isa = PBXGroup;
			children = (
				DE56096727CFD1FE00BA75E8 /* I_Am_RichTests.swift */,
				DE56096927CFD1FE00BA75E8 /* Info.plist */,
			);
			path = "I Am RichTests";
			sourceTree = "<group>";
		};
		DE56097127CFD1FE00BA75E8 /* I Am RichUITests */ = {
			isa = PBXGroup;
			children = (
				DE56097227CFD1FE00BA75E8 /* I_Am_RichUITests.swift */,
				DE56097427CFD1FE00BA75E8 /* Info.plist */,
			);
			path = "I Am RichUITests";
			sourceTree = "<group>";
		};
/* End PBXGroup section */

/* Begin PBXNativeTarget section */
		DE56094C27CFD1FC00BA75E8 /* I Am Rich */ = {
			isa = PBXNativeTarget;
			buildConfigurationList = DE56097727CFD1FE00BA75E8 /* Build configuration list for PBXNativeTarget "I Am Rich" */;
			buildPhases = (
				DE56094927CFD1FC00BA75E8 /* Sources */,
				DE56094A27CFD1FC00BA75E8 /* Frameworks */,
				DE56094B27CFD1FC00BA75E8 /* Resources */,
			);
			buildRules = (
			);
			dependencies = (
			);
			name = "I Am Rich";
			productName = "I Am Rich";
			productReference = DE56094D27CFD1FC00BA75E8 /* I Am Rich.app */;
			productType = "com.apple.product-type.application";
		};
		DE56096227CFD1FE00BA75E8 /* I Am RichTests */ = {
			isa = PBXNativeTarget;
			buildConfigurationList = DE56097A27CFD1FE00BA75E8 /* Build configuration list for PBXNativeTarget "I Am RichTests" */;
			buildPhases = (
				DE56095F27CFD1FE00BA75E8 /* Sources */,
				DE56096027CFD1FE00BA75E8 /* Frameworks */,
				DE56096127CFD1FE00BA75E8 /* Resources */,
			);
			buildRules = (
			);
			dependencies = (
				DE56096527CFD1FE00BA75E8 /* PBXTargetDependency */,
			);
			name = "I Am RichTests";
			productName = "I Am RichTests";
			productReference = DE56096327CFD1FE00BA75E8 /* I Am RichTests.xctest */;
			productType = "com.apple.product-type.bundle.unit-test";
		};
		DE56096D27CFD1FE00BA75E8 /* I Am RichUITests */ = {
			isa = PBXNativeTarget;
			buildConfigurationList = DE56097D27CFD1FE00BA75E8 /* Build configuration list for PBXNativeTarget "I Am RichUITests" */;
			buildPhases = (
				DE56096A27CFD1FE00BA75E8 /* Sources */,
				DE56096B27CFD1FE00BA75E8 /* Frameworks */,
				DE56096C27CFD1FE00BA75E8 /* Resources */,
			);
			buildRules = (
			);
			dependencies = (
				DE56097027CFD1FE00BA75E8 /* PBXTargetDependency */,
			);
			name = "I Am RichUITests";
			productName = "I Am RichUITests";
			productReference = DE56096E27CFD1FE00BA75E8 /* I Am RichUITests.xctest */;
			productType = "com.apple.product-type.bundle.ui-testing";
		};
/* End PBXNativeTarget section */

/* Begin PBXProject section */
		DE56094527CFD1FC00BA75E8 /* Project object */ = {
			isa = PBXProject;
			attributes = {
				LastSwiftUpdateCheck = 1250;
				LastUpgradeCheck = 1250;
				TargetAttributes = {
					DE56094C27CFD1FC00BA75E8 = {
						CreatedOnToolsVersion = 12.5.1;
					};
					DE56096227CFD1FE00BA75E8 = {
						CreatedOnToolsVersion = 12.5.1;
						TestTargetID = DE56094C27CFD1FC00BA75E8;
					};
					DE56096D27CFD1FE00BA75E8 = {
						CreatedOnToolsVersion = 12.5.1;
						TestTargetID = DE56094C27CFD1FC00BA75E8;
					};
				};
			};
			buildConfigurationList = DE56094827CFD1FC00BA75E8 /* Build configuration list for PBXProject "I Am Rich" */;
			compatibilityVersion = "Xcode 9.3";
			developmentRegion = en;
			hasScannedForEncodings = 0;
			knownRegions = (
				en,
				Base,
			);
			mainGroup = DE56094427CFD1FC00BA75E8;
			productRefGroup = DE56094E27CFD1FC00BA75E8 /* Products */;
			projectDirPath = "";
			projectRoot = "";
			targets = (
				DE56094C27CFD1FC00BA75E8 /* I Am Rich */,
				DE56096227CFD1FE00BA75E8 /* I Am RichTests */,
				DE56096D27CFD1FE00BA75E8 /* I Am RichUITests */,
			);
		};
/* End PBXProject section */

/* Begin PBXResourcesBuildPhase section */
		DE56094B27CFD1FC00BA75E8 /* Resources */ = {
			isa = PBXResourcesBuildPhase;
			buildActionMask = 2147483647;
			files = (
				DE56095D27CFD1FE00BA75E8 /* LaunchScreen.storyboard in Resources */,
				DE56095A27CFD1FE00BA75E8 /* Assets.xcassets in Resources */,
				DE56095827CFD1FC00BA75E8 /* Main.storyboard in Resources */,
			);
			runOnlyForDeploymentPostprocessing = 0;
		};
		DE56096127CFD1FE00BA75E8 /* Resources */ = {
			isa = PBXResourcesBuildPhase;
			buildActionMask = 2147483647;
			files = (
			);
			runOnlyForDeploymentPostprocessing = 0;
		};
		DE56096C27CFD1FE00BA75E8 /* Resources */ = {
			isa = PBXResourcesBuildPhase;
			buildActionMask = 2147483647;
			files = (
			);
			runOnlyForDeploymentPostprocessing = 0;
		};
/* End PBXResourcesBuildPhase section */

/* Begin PBXSourcesBuildPhase section */
		DE56094927CFD1FC00BA75E8 /* Sources */ = {
			isa = PBXSourcesBuildPhase;
			buildActionMask = 2147483647;
			files = (
				DE56095527CFD1FC00BA75E8 /* ViewController.swift in Sources */,
				DE56095127CFD1FC00BA75E8 /* AppDelegate.swift in Sources */,
				DE56095327CFD1FC00BA75E8 /* SceneDelegate.swift in Sources */,
			);
			runOnlyForDeploymentPostprocessing = 0;
		};
		DE56095F27CFD1FE00BA75E8 /* Sources */ = {
			isa = PBXSourcesBuildPhase;
			buildActionMask = 2147483647;
			files = (
				DE56096827CFD1FE00BA75E8 /* I_Am_RichTests.swift in Sources */,
			);
			runOnlyForDeploymentPostprocessing = 0;
		};
		DE56096A27CFD1FE00BA75E8 /* Sources */ = {
			isa = PBXSourcesBuildPhase;
			buildActionMask = 2147483647;
			files = (
				DE56097327CFD1FE00BA75E8 /* I_Am_RichUITests.swift in Sources */,
			);
			runOnlyForDeploymentPostprocessing = 0;
		};
/* End PBXSourcesBuildPhase section */

/* Begin PBXTargetDependency section */
		DE56096527CFD1FE00BA75E8 /* PBXTargetDependency */ = {
			isa = PBXTargetDependency;
			target = DE56094C27CFD1FC00BA75E8 /* I Am Rich */;
			targetProxy = DE56096427CFD1FE00BA75E8 /* PBXContainerItemProxy */;
		};
		DE56097027CFD1FE00BA75E8 /* PBXTargetDependency */ = {
			isa = PBXTargetDependency;
			target = DE56094C27CFD1FC00BA75E8 /* I Am Rich */;
			targetProxy = DE56096F27CFD1FE00BA75E8 /* PBXContainerItemProxy */;
		};
/* End PBXTargetDependency section */

/* Begin PBXVariantGroup section */
		DE56095627CFD1FC00BA75E8 /* Main.storyboard */ = {
			isa = PBXVariantGroup;
			children = (
				DE56095727CFD1FC00BA75E8 /* Base */,
			);
			name = Main.storyboard;
			sourceTree = "<group>";
		};
		DE56095B27CFD1FE00BA75E8 /* LaunchScreen.storyboard */ = {
			isa = PBXVariantGroup;
			children = (
				DE56095C27CFD1FE00BA75E8 /* Base */,
			);
			name = LaunchScreen.storyboard;
			sourceTree = "<group>";
		};
/* End PBXVariantGroup section */

/* Begin XCBuildConfiguration section */
		DE56097527CFD1FE00BA75E8 /* Debug */ = {
			isa = XCBuildConfiguration;
			buildSettings = {
				ALWAYS_SEARCH_USER_PATHS = NO;
				CLANG_ANALYZER_NONNULL = YES;
				CLANG_ANALYZER_NUMBER_OBJECT_CONVERSION = YES_AGGRESSIVE;
				CLANG_CXX_LANGUAGE_STANDARD = "gnu++14";
				CLANG_CXX_LIBRARY = "libc++";
				CLANG_ENABLE_MODULES = YES;
				CLANG_ENABLE_OBJC_ARC = YES;
				CLANG_ENABLE_OBJC_WEAK = YES;
				CLANG_WARN_BLOCK_CAPTURE_AUTORELEASING = YES;
				CLANG_WARN_BOOL_CONVERSION = YES;
				CLANG_WARN_COMMA = YES;
				CLANG_WARN_CONSTANT_CONVERSION = YES;
				CLANG_WARN_DEPRECATED_OBJC_IMPLEMENTATIONS = YES;
				CLANG_WARN_DIRECT_OBJC_ISA_USAGE = YES_ERROR;
				CLANG_WARN_DOCUMENTATION_COMMENTS = YES;
				CLANG_WARN_EMPTY_BODY = YES;
				CLANG_WARN_ENUM_CONVERSION = YES;
				CLANG_WARN_INFINITE_RECURSION = YES;
				CLANG_WARN_INT_CONVERSION = YES;
				CLANG_WARN_NON_LITERAL_NULL_CONVERSION = YES;
				CLANG_WARN_OBJC_IMPLICIT_RETAIN_SELF = YES;
				CLANG_WARN_OBJC_LITERAL_CONVERSION = YES;
				CLANG_WARN_OBJC_ROOT_CLASS = YES_ERROR;
				CLANG_WARN_QUOTED_INCLUDE_IN_FRAMEWORK_HEADER = YES;
				CLANG_WARN_RANGE_LOOP_ANALYSIS = YES;
				CLANG_WARN_STRICT_PROTOTYPES = YES;
				CLANG_WARN_SUSPICIOUS_MOVE = YES;
				CLANG_WARN_UNGUARDED_AVAILABILITY = YES_AGGRESSIVE;
				CLANG_WARN_UNREACHABLE_CODE = YES;
				CLANG_WARN__DUPLICATE_METHOD_MATCH = YES;
				COPY_PHASE_STRIP = NO;
				DEBUG_INFORMATION_FORMAT = dwarf;
				ENABLE_STRICT_OBJC_MSGSEND = YES;
				ENABLE_TESTABILITY = YES;
				GCC_C_LANGUAGE_STANDARD = gnu11;
				GCC_DYNAMIC_NO_PIC = NO;
				GCC_NO_COMMON_BLOCKS = YES;
				GCC_OPTIMIZATION_LEVEL = 0;
				GCC_PREPROCESSOR_DEFINITIONS = (
					"DEBUG=1",
					"$(inherited)",
				);
				GCC_WARN_64_TO_32_BIT_CONVERSION = YES;
				GCC_WARN_ABOUT_RETURN_TYPE = YES_ERROR;
				GCC_WARN_UNDECLARED_SELECTOR = YES;
				GCC_WARN_UNINITIALIZED_AUTOS = YES_AGGRESSIVE;
				GCC_WARN_UNUSED_FUNCTION = YES;
				GCC_WARN_UNUSED_VARIABLE = YES;
				IPHONEOS_DEPLOYMENT_TARGET = 14.5;
				MTL_ENABLE_DEBUG_INFO = INCLUDE_SOURCE;
				MTL_FAST_MATH = YES;
				ONLY_ACTIVE_ARCH = YES;
				SDKROOT = iphoneos;
				SWIFT_ACTIVE_COMPILATION_CONDITIONS = DEBUG;
				SWIFT_OPTIMIZATION_LEVEL = "-Onone";
			};
			name = Debug;
		};
		DE56097627CFD1FE00BA75E8 /* Release */ = {
			isa = XCBuildConfiguration;
			buildSettings = {
				ALWAYS_SEARCH_USER_PATHS = NO;
				CLANG_ANALYZER_NONNULL = YES;
				CLANG_ANALYZER_NUMBER_OBJECT_CONVERSION = YES_AGGRESSIVE;
				CLANG_CXX_LANGUAGE_STANDARD = "gnu++14";
				CLANG_CXX_LIBRARY = "libc++";
				CLANG_ENABLE_MODULES = YES;
				CLANG_ENABLE_OBJC_ARC = YES;
				CLANG_ENABLE_OBJC_WEAK = YES;
				CLANG_WARN_BLOCK_CAPTURE_AUTORELEASING = YES;
				CLANG_WARN_BOOL_CONVERSION = YES;
				CLANG_WARN_COMMA = YES;
				CLANG_WARN_CONSTANT_CONVERSION = YES;
				CLANG_WARN_DEPRECATED_OBJC_IMPLEMENTATIONS = YES;
				CLANG_WARN_DIRECT_OBJC_ISA_USAGE = YES_ERROR;
				CLANG_WARN_DOCUMENTATION_COMMENTS = YES;
				CLANG_WARN_EMPTY_BODY = YES;
				CLANG_WARN_ENUM_CONVERSION = YES;
				CLANG_WARN_INFINITE_RECURSION = YES;
				CLANG_WARN_INT_CONVERSION = YES;
				CLANG_WARN_NON_LITERAL_NULL_CONVERSION = YES;
				CLANG_WARN_OBJC_IMPLICIT_RETAIN_SELF = YES;
				CLANG_WARN_OBJC_LITERAL_CONVERSION = YES;
				CLANG_WARN_OBJC_ROOT_CLASS = YES_ERROR;
				CLANG_WARN_QUOTED_INCLUDE_IN_FRAMEWORK_HEADER = YES;
				CLANG_WARN_RANGE_LOOP_ANALYSIS = YES;
				CLANG_WARN_STRICT_PROTOTYPES = YES;
				CLANG_WARN_SUSPICIOUS_MOVE = YES;
				CLANG_WARN_UNGUARDED_AVAILABILITY = YES_AGGRESSIVE;
				CLANG_WARN_UNREACHABLE_CODE = YES;
				CLANG_WARN__DUPLICATE_METHOD_MATCH = YES;
				COPY_PHASE_STRIP = NO;
				DEBUG_INFORMATION_FORMAT = "dwarf-with-dsym";
				ENABLE_NS_ASSERTIONS = NO;
				ENABLE_STRICT_OBJC_MSGSEND = YES;
				GCC_C_LANGUAGE_STANDARD = gnu11;
				GCC_NO_COMMON_BLOCKS = YES;
				GCC_WARN_64_TO_32_BIT_CONVERSION = YES;
				GCC_WARN_ABOUT_RETURN_TYPE = YES_ERROR;
				GCC_WARN_UNDECLARED_SELECTOR = YES;
				GCC_WARN_UNINITIALIZED_AUTOS = YES_AGGRESSIVE;
				GCC_WARN_UNUSED_FUNCTION = YES;
				GCC_WARN_UNUSED_VARIABLE = YES;
				IPHONEOS_DEPLOYMENT_TARGET = 14.5;
				MTL_ENABLE_DEBUG_INFO = NO;
				MTL_FAST_MATH = YES;
				SDKROOT = iphoneos;
				SWIFT_COMPILATION_MODE = wholemodule;
				SWIFT_OPTIMIZATION_LEVEL = "-O";
				VALIDATE_PRODUCT = YES;
			};
			name = Release;
		};
		DE56097827CFD1FE00BA75E8 /* Debug */ = {
			isa = XCBuildConfiguration;
			buildSettings = {
				ASSETCATALOG_COMPILER_APPICON_NAME = AppIcon;
				ASSETCATALOG_COMPILER_GLOBAL_ACCENT_COLOR_NAME = AccentColor;
				CODE_SIGN_STYLE = Automatic;
				INFOPLIST_FILE = "I Am Rich/Info.plist";
				LD_RUNPATH_SEARCH_PATHS = (
					"$(inherited)",
					"@executable_path/Frameworks",
				);
				PRODUCT_BUNDLE_IDENTIFIER = "com.prashant.I-Am-Rich";
				PRODUCT_NAME = "$(TARGET_NAME)";
				SWIFT_VERSION = 5.0;
				TARGETED_DEVICE_FAMILY = "1,2";
			};
			name = Debug;
		};
		DE56097927CFD1FE00BA75E8 /* Release */ = {
			isa = XCBuildConfiguration;
			buildSettings = {
				ASSETCATALOG_COMPILER_APPICON_NAME = AppIcon;
				ASSETCATALOG_COMPILER_GLOBAL_ACCENT_COLOR_NAME = AccentColor;
				CODE_SIGN_STYLE = Automatic;
				INFOPLIST_FILE = "I Am Rich/Info.plist";
				LD_RUNPATH_SEARCH_PATHS = (
					"$(inherited)",
					"@executable_path/Frameworks",
				);
				PRODUCT_BUNDLE_IDENTIFIER = "com.prashant.I-Am-Rich";
				PRODUCT_NAME = "$(TARGET_NAME)";
				SWIFT_VERSION = 5.0;
				TARGETED_DEVICE_FAMILY = "1,2";
			};
			name = Release;
		};
		DE56097B27CFD1FE00BA75E8 /* Debug */ = {
			isa = XCBuildConfiguration;
			buildSettings = {
				ALWAYS_EMBED_SWIFT_STANDARD_LIBRARIES = YES;
				BUNDLE_LOADER = "$(TEST_HOST)";
				CODE_SIGN_STYLE = Automatic;
				INFOPLIST_FILE = "I Am RichTests/Info.plist";
				IPHONEOS_DEPLOYMENT_TARGET = 14.5;
				LD_RUNPATH_SEARCH_PATHS = (
					"$(inherited)",
					"@executable_path/Frameworks",
					"@loader_path/Frameworks",
				);
				PRODUCT_BUNDLE_IDENTIFIER = "com.prashant.I-Am-RichTests";
				PRODUCT_NAME = "$(TARGET_NAME)";
				SWIFT_VERSION = 5.0;
				TARGETED_DEVICE_FAMILY = "1,2";
				TEST_HOST = "$(BUILT_PRODUCTS_DIR)/I Am Rich.app/I Am Rich";
			};
			name = Debug;
		};
		DE56097C27CFD1FE00BA75E8 /* Release */ = {
			isa = XCBuildConfiguration;
			buildSettings = {
				ALWAYS_EMBED_SWIFT_STANDARD_LIBRARIES = YES;
				BUNDLE_LOADER = "$(TEST_HOST)";
				CODE_SIGN_STYLE = Automatic;
				INFOPLIST_FILE = "I Am RichTests/Info.plist";
				IPHONEOS_DEPLOYMENT_TARGET = 14.5;
				LD_RUNPATH_SEARCH_PATHS = (
					"$(inherited)",
					"@executable_path/Frameworks",
					"@loader_path/Frameworks",
				);
				PRODUCT_BUNDLE_IDENTIFIER = "com.prashant.I-Am-RichTests";
				PRODUCT_NAME = "$(TARGET_NAME)";
				SWIFT_VERSION = 5.0;
				TARGETED_DEVICE_FAMILY = "1,2";
				TEST_HOST = "$(BUILT_PRODUCTS_DIR)/I Am Rich.app/I Am Rich";
			};
			name = Release;
		};
		DE56097E27CFD1FE00BA75E8 /* Debug */ = {
			isa = XCBuildConfiguration;
			buildSettings = {
				ALWAYS_EMBED_SWIFT_STANDARD_LIBRARIES = YES;
				CODE_SIGN_STYLE = Automatic;
				INFOPLIST_FILE = "I Am RichUITests/Info.plist";
				LD_RUNPATH_SEARCH_PATHS = (
					"$(inherited)",
					"@executable_path/Frameworks",
					"@loader_path/Frameworks",
				);
				PRODUCT_BUNDLE_IDENTIFIER = "com.prashant.I-Am-RichUITests";
				PRODUCT_NAME = "$(TARGET_NAME)";
				SWIFT_VERSION = 5.0;
				TARGETED_DEVICE_FAMILY = "1,2";
				TEST_TARGET_NAME = "I Am Rich";
			};
			name = Debug;
		};
		DE56097F27CFD1FE00BA75E8 /* Release */ = {
			isa = XCBuildConfiguration;
			buildSettings = {
				ALWAYS_EMBED_SWIFT_STANDARD_LIBRARIES = YES;
				CODE_SIGN_STYLE = Automatic;
				INFOPLIST_FILE = "I Am RichUITests/Info.plist";
				LD_RUNPATH_SEARCH_PATHS = (
					"$(inherited)",
					"@executable_path/Frameworks",
					"@loader_path/Frameworks",
				);
				PRODUCT_BUNDLE_IDENTIFIER = "com.prashant.I-Am-RichUITests";
				PRODUCT_NAME = "$(TARGET_NAME)";
				SWIFT_VERSION = 5.0;
				TARGETED_DEVICE_FAMILY = "1,2";
				TEST_TARGET_NAME = "I Am Rich";
			};
			name = Release;
		};
/* End XCBuildConfiguration section */

/* Begin XCConfigurationList section */
		DE56094827CFD1FC00BA75E8 /* Build configuration list for PBXProject "I Am Rich" */ = {
			isa = XCConfigurationList;
			buildConfigurations = (
				DE56097527CFD1FE00BA75E8 /* Debug */,
				DE56097627CFD1FE00BA75E8 /* Release */,
			);
			defaultConfigurationIsVisible = 0;
			defaultConfigurationName = Release;
		};
		DE56097727CFD1FE00BA75E8 /* Build configuration list for PBXNativeTarget "I Am Rich" */ = {
			isa = XCConfigurationList;
			buildConfigurations = (
				DE56097827CFD1FE00BA75E8 /* Debug */,
				DE56097927CFD1FE00BA75E8 /* Release */,
			);
			defaultConfigurationIsVisible = 0;
			defaultConfigurationName = Release;
		};
		DE56097A27CFD1FE00BA75E8 /* Build configuration list for PBXNativeTarget "I Am RichTests" */ = {
			isa = XCConfigurationList;
			buildConfigurations = (
				DE56097B27CFD1FE00BA75E8 /* Debug */,
				DE56097C27CFD1FE00BA75E8 /* Release */,
			);
			defaultConfigurationIsVisible = 0;
			defaultConfigurationName = Release;
		};
		DE56097D27CFD1FE00BA75E8 /* Build configuration list for PBXNativeTarget "I Am RichUITests" */ = {
			isa = XCConfigurationList;
			buildConfigurations = (
				DE56097E27CFD1FE00BA75E8 /* Debug */,
				DE56097F27CFD1FE00BA75E8 /* Release */,
			);
			defaultConfigurationIsVisible = 0;
			defaultConfigurationName = Release;
		};
/* End XCConfigurationList section */
	};
	rootObject = DE56094527CFD1FC00BA75E8 /* Project object */;
}
